
Microsoft Visual Studio Solution File, Format Version 12.00
# Visual Studio Version 16
VisualStudioVersion = 16.0.30413.136
MinimumVisualStudioVersion = 10.0.40219.1
Project("{9A19103F-16F7-4668-BE54-9A1E7A4F7556}") = "Todo.Application", "Todo.Application\Todo.Application.csproj", "{42540287-8183-4D14-BA07-6DE73BDA3264}"
EndProject
Project("{9A19103F-16F7-4668-BE54-9A1E7A4F7556}") = "Todo.Adapters.FileSystemTaskStore", "Todo.Adapters.FileSystemTaskStore\Todo.Adapters.FileSystemTaskStore.csproj", "{A0A53580-4A66-45B7-8D61-AE8BE21ABCA3}"
EndProject
Project("{9A19103F-16F7-4668-BE54-9A1E7A4F7556}") = "Todo.Adapters.DatabaseTaskStore", "Todo.Adapters.DatabaseTaskStore\Todo.Adapters.DatabaseTaskStore.csproj", "{D12CB7D3-ACC1-421D-8964-2C63C2D9156F}"
EndProject
Project("{9A19103F-16F7-4668-BE54-9A1E7A4F7556}") = "Todo.Api", "Todo.Api\Todo.Api.csproj", "{FC9107F3-3CEA-46F9-8309-0A909A6C09D9}"
EndProject
Project("{9A19103F-16F7-4668-BE54-9A1E7A4F7556}") = "Todo.Ports", "Todo.Ports\Todo.Ports.csproj", "{ADC15E86-BAAB-42F5-99CD-C823A9E6CFD2}"
EndProject
Project("{9A19103F-16F7-4668-BE54-9A1E7A4F7556}") = "Todo.UseCases.Add", "Todo.UseCases.Add\Todo.UseCases.Add.csproj", "{626B98AE-E5E9-40A4-BDA1-71A0F4D96184}"
EndProject
Project("{9A19103F-16F7-4668-BE54-9A1E7A4F7556}") = "Todo.UseCases.Do", "Todo.UseCases.Do\Todo.UseCases.Do.csproj", "{16387810-93D0-470F-ACAE-4DDB5AC59081}"
EndProject
Project("{9A19103F-16F7-4668-BE54-9A1E7A4F7556}") = "Todo.UseCases.List", "Todo.UseCases.List\Todo.UseCases.List.csproj", "{1994C867-B5E5-4F12-987B-C83845C71001}"
EndProject
Project("{9A19103F-16F7-4668-BE54-9A1E7A4F7556}") = "Todo.UseCases.Remove", "Todo.UseCases.Remove\Todo.UseCases.Remove.csproj", "{6413F8F7-8107-4381-9100-57C78D742493}"
EndProject
Project("{9A19103F-16F7-4668-BE54-9A1E7A4F7556}") = "Todo.UseCases.Undo", "Todo.UseCases.Undo\Todo.UseCases.Undo.csproj", "{EF6EA9BF-1278-4F68-AB83-E05A4B220D2E}"
EndProject
Project("{2150E333-8FDC-42A3-9474-1A3956D46DE8}") = "Core", "Core", "{187AD362-7F55-461E-BC6E-0E7E4FC63D2C}"
EndProject
Project("{2150E333-8FDC-42A3-9474-1A3956D46DE8}") = "UseCases", "UseCases", "{8603A9DA-B7EE-45E7-845A-4D383ED88BA6}"
EndProject
Project("{2150E333-8FDC-42A3-9474-1A3956D46DE8}") = "Adapters", "Adapters", "{10E42FC5-DDAE-460E-AB14-4BB551CFFAA6}"
EndProject
Project("{2150E333-8FDC-42A3-9474-1A3956D46DE8}") = "Ports", "Ports", "{6703C4CA-46B8-4A54-A9B3-580ABEEE9B49}"
EndProject
Project("{2150E333-8FDC-42A3-9474-1A3956D46DE8}") = "Apps", "Apps", "{6F093A90-2EEA-4142-87B4-A0EAAAB31649}"
EndProject
Project("{2150E333-8FDC-42A3-9474-1A3956D46DE8}") = "Source", "Source", "{03B3AA4D-7222-4000-A24D-580495EFFFD7}"
EndProject
Project("{2150E333-8FDC-42A3-9474-1A3956D46DE8}") = "Quickstart", "Quickstart", "{276F6927-4A48-4170-974E-6BDBD5EC8ABD}"
	ProjectSection(SolutionItems) = preProject
		LICENSE = LICENSE
		README.md = README.md
	EndProjectSection
EndProject
Project("{9A19103F-16F7-4668-BE54-9A1E7A4F7556}") = "Todo.Adapters.MemoryTaskStore", "Todo.Adapters.MemoryTaskStore\Todo.Adapters.MemoryTaskStore.csproj", "{5B9EAFB3-21F2-45B6-A4EC-D24F8B9E29E9}"
EndProject
Project("{2150E333-8FDC-42A3-9474-1A3956D46DE8}") = "UserStories", "UserStories", "{C48D819F-8482-45B0-B0B3-FCE1FAC2B048}"
EndProject
Project("{2150E333-8FDC-42A3-9474-1A3956D46DE8}") = "TestCases", "TestCases", "{F3025E31-C9C7-4EA8-8595-05FF197145BF}"
EndProject
Project("{2150E333-8FDC-42A3-9474-1A3956D46DE8}") = "Entities", "Entities", "{17921B4B-2E83-473B-AE9D-000B554B4BAD}"
EndProject
Project("{9A19103F-16F7-4668-BE54-9A1E7A4F7556}") = "Todo.Entities", "Todo.Entities\Todo.Entities.csproj", "{461CA580-35C7-472A-82B0-243BD7C2D969}"
EndProject
Project("{2150E333-8FDC-42A3-9474-1A3956D46DE8}") = "Application", "Application", "{62BB649B-BC1F-4CF5-877B-5BDE5CEAF807}"
EndProject
Global
	GlobalSection(SolutionConfigurationPlatforms) = preSolution
		Debug|Any CPU = Debug|Any CPU
		Release|Any CPU = Release|Any CPU
	EndGlobalSection
	GlobalSection(ProjectConfigurationPlatforms) = postSolution
		{42540287-8183-4D14-BA07-6DE73BDA3264}.Debug|Any CPU.ActiveCfg = Debug|Any CPU
		{42540287-8183-4D14-BA07-6DE73BDA3264}.Debug|Any CPU.Build.0 = Debug|Any CPU
		{42540287-8183-4D14-BA07-6DE73BDA3264}.Release|Any CPU.ActiveCfg = Release|Any CPU
		{42540287-8183-4D14-BA07-6DE73BDA3264}.Release|Any CPU.Build.0 = Release|Any CPU
		{A0A53580-4A66-45B7-8D61-AE8BE21ABCA3}.Debug|Any CPU.ActiveCfg = Debug|Any CPU
		{A0A53580-4A66-45B7-8D61-AE8BE21ABCA3}.Debug|Any CPU.Build.0 = Debug|Any CPU
		{A0A53580-4A66-45B7-8D61-AE8BE21ABCA3}.Release|Any CPU.ActiveCfg = Release|Any CPU
		{A0A53580-4A66-45B7-8D61-AE8BE21ABCA3}.Release|Any CPU.Build.0 = Release|Any CPU
		{D12CB7D3-ACC1-421D-8964-2C63C2D9156F}.Debug|Any CPU.ActiveCfg = Debug|Any CPU
		{D12CB7D3-ACC1-421D-8964-2C63C2D9156F}.Debug|Any CPU.Build.0 = Debug|Any CPU
		{D12CB7D3-ACC1-421D-8964-2C63C2D9156F}.Release|Any CPU.ActiveCfg = Release|Any CPU
		{D12CB7D3-ACC1-421D-8964-2C63C2D9156F}.Release|Any CPU.Build.0 = Release|Any CPU
		{FC9107F3-3CEA-46F9-8309-0A909A6C09D9}.Debug|Any CPU.ActiveCfg = Debug|Any CPU
		{FC9107F3-3CEA-46F9-8309-0A909A6C09D9}.Debug|Any CPU.Build.0 = Debug|Any CPU
		{FC9107F3-3CEA-46F9-8309-0A909A6C09D9}.Release|Any CPU.ActiveCfg = Release|Any CPU
		{FC9107F3-3CEA-46F9-8309-0A909A6C09D9}.Release|Any CPU.Build.0 = Release|Any CPU
		{ADC15E86-BAAB-42F5-99CD-C823A9E6CFD2}.Debug|Any CPU.ActiveCfg = Debug|Any CPU
		{ADC15E86-BAAB-42F5-99CD-C823A9E6CFD2}.Debug|Any CPU.Build.0 = Debug|Any CPU
		{ADC15E86-BAAB-42F5-99CD-C823A9E6CFD2}.Release|Any CPU.ActiveCfg = Release|Any CPU
		{ADC15E86-BAAB-42F5-99CD-C823A9E6CFD2}.Release|Any CPU.Build.0 = Release|Any CPU
		{626B98AE-E5E9-40A4-BDA1-71A0F4D96184}.Debug|Any CPU.ActiveCfg = Debug|Any CPU
		{626B98AE-E5E9-40A4-BDA1-71A0F4D96184}.Debug|Any CPU.Build.0 = Debug|Any CPU
		{626B98AE-E5E9-40A4-BDA1-71A0F4D96184}.Release|Any CPU.ActiveCfg = Release|Any CPU
		{626B98AE-E5E9-40A4-BDA1-71A0F4D96184}.Release|Any CPU.Build.0 = Release|Any CPU
		{16387810-93D0-470F-ACAE-4DDB5AC59081}.Debug|Any CPU.ActiveCfg = Debug|Any CPU
		{16387810-93D0-470F-ACAE-4DDB5AC59081}.Debug|Any CPU.Build.0 = Debug|Any CPU
		{16387810-93D0-470F-ACAE-4DDB5AC59081}.Release|Any CPU.ActiveCfg = Release|Any CPU
		{16387810-93D0-470F-ACAE-4DDB5AC59081}.Release|Any CPU.Build.0 = Release|Any CPU
		{1994C867-B5E5-4F12-987B-C83845C71001}.Debug|Any CPU.ActiveCfg = Debug|Any CPU
		{1994C867-B5E5-4F12-987B-C83845C71001}.Debug|Any CPU.Build.0 = Debug|Any CPU
		{1994C867-B5E5-4F12-987B-C83845C71001}.Release|Any CPU.ActiveCfg = Release|Any CPU
		{1994C867-B5E5-4F12-987B-C83845C71001}.Release|Any CPU.Build.0 = Release|Any CPU
		{6413F8F7-8107-4381-9100-57C78D742493}.Debug|Any CPU.ActiveCfg = Debug|Any CPU
		{6413F8F7-8107-4381-9100-57C78D742493}.Debug|Any CPU.Build.0 = Debug|Any CPU
		{6413F8F7-8107-4381-9100-57C78D742493}.Release|Any CPU.ActiveCfg = Release|Any CPU
		{6413F8F7-8107-4381-9100-57C78D742493}.Release|Any CPU.Build.0 = Release|Any CPU
		{EF6EA9BF-1278-4F68-AB83-E05A4B220D2E}.Debug|Any CPU.ActiveCfg = Debug|Any CPU
		{EF6EA9BF-1278-4F68-AB83-E05A4B220D2E}.Debug|Any CPU.Build.0 = Debug|Any CPU
		{EF6EA9BF-1278-4F68-AB83-E05A4B220D2E}.Release|Any CPU.ActiveCfg = Release|Any CPU
		{EF6EA9BF-1278-4F68-AB83-E05A4B220D2E}.Release|Any CPU.Build.0 = Release|Any CPU
		{5B9EAFB3-21F2-45B6-A4EC-D24F8B9E29E9}.Debug|Any CPU.ActiveCfg = Debug|Any CPU
		{5B9EAFB3-21F2-45B6-A4EC-D24F8B9E29E9}.Debug|Any CPU.Build.0 = Debug|Any CPU
		{5B9EAFB3-21F2-45B6-A4EC-D24F8B9E29E9}.Release|Any CPU.ActiveCfg = Release|Any CPU
		{5B9EAFB3-21F2-45B6-A4EC-D24F8B9E29E9}.Release|Any CPU.Build.0 = Release|Any CPU
		{461CA580-35C7-472A-82B0-243BD7C2D969}.Debug|Any CPU.ActiveCfg = Debug|Any CPU
		{461CA580-35C7-472A-82B0-243BD7C2D969}.Debug|Any CPU.Build.0 = Debug|Any CPU
		{461CA580-35C7-472A-82B0-243BD7C2D969}.Release|Any CPU.ActiveCfg = Release|Any CPU
		{461CA580-35C7-472A-82B0-243BD7C2D969}.Release|Any CPU.Build.0 = Release|Any CPU
	EndGlobalSection
	GlobalSection(SolutionProperties) = preSolution
		HideSolutionNode = FALSE
	EndGlobalSection
	GlobalSection(NestedProjects) = preSolution
		{42540287-8183-4D14-BA07-6DE73BDA3264} = {62BB649B-BC1F-4CF5-877B-5BDE5CEAF807}
		{A0A53580-4A66-45B7-8D61-AE8BE21ABCA3} = {10E42FC5-DDAE-460E-AB14-4BB551CFFAA6}
		{D12CB7D3-ACC1-421D-8964-2C63C2D9156F} = {10E42FC5-DDAE-460E-AB14-4BB551CFFAA6}
		{FC9107F3-3CEA-46F9-8309-0A909A6C09D9} = {6F093A90-2EEA-4142-87B4-A0EAAAB31649}
		{ADC15E86-BAAB-42F5-99CD-C823A9E6CFD2} = {6703C4CA-46B8-4A54-A9B3-580ABEEE9B49}
		{626B98AE-E5E9-40A4-BDA1-71A0F4D96184} = {8603A9DA-B7EE-45E7-845A-4D383ED88BA6}
		{16387810-93D0-470F-ACAE-4DDB5AC59081} = {8603A9DA-B7EE-45E7-845A-4D383ED88BA6}
		{1994C867-B5E5-4F12-987B-C83845C71001} = {8603A9DA-B7EE-45E7-845A-4D383ED88BA6}
		{6413F8F7-8107-4381-9100-57C78D742493} = {8603A9DA-B7EE-45E7-845A-4D383ED88BA6}
		{EF6EA9BF-1278-4F68-AB83-E05A4B220D2E} = {8603A9DA-B7EE-45E7-845A-4D383ED88BA6}
		{187AD362-7F55-461E-BC6E-0E7E4FC63D2C} = {03B3AA4D-7222-4000-A24D-580495EFFFD7}
		{8603A9DA-B7EE-45E7-845A-4D383ED88BA6} = {187AD362-7F55-461E-BC6E-0E7E4FC63D2C}
		{10E42FC5-DDAE-460E-AB14-4BB551CFFAA6} = {03B3AA4D-7222-4000-A24D-580495EFFFD7}
		{6703C4CA-46B8-4A54-A9B3-580ABEEE9B49} = {187AD362-7F55-461E-BC6E-0E7E4FC63D2C}
		{6F093A90-2EEA-4142-87B4-A0EAAAB31649} = {03B3AA4D-7222-4000-A24D-580495EFFFD7}
		{5B9EAFB3-21F2-45B6-A4EC-D24F8B9E29E9} = {10E42FC5-DDAE-460E-AB14-4BB551CFFAA6}
		{17921B4B-2E83-473B-AE9D-000B554B4BAD} = {187AD362-7F55-461E-BC6E-0E7E4FC63D2C}
		{461CA580-35C7-472A-82B0-243BD7C2D969} = {17921B4B-2E83-473B-AE9D-000B554B4BAD}
		{62BB649B-BC1F-4CF5-877B-5BDE5CEAF807} = {187AD362-7F55-461E-BC6E-0E7E4FC63D2C}
	EndGlobalSection
	GlobalSection(ExtensibilityGlobals) = postSolution
		SolutionGuid = {CAB87727-54DB-4E70-90D3-57235A3D41D4}
	EndGlobalSection
EndGlobal
